<Solution>
    <Folder Name="/SolutionItems/">
        <File Path=".editorconfig" />
        <File Path=".gitignore" />
        <File Path="AGENTS.md" />
        <File Path="CLAUDE.md" />
        <File Path="Directory.Build.props" />
        <File Path="Directory.Packages.props" />
        <File Path="global.json" />
        <File Path="LICENSE" />
        <File Path="USF.sln.DotSettings" />
    </Folder>
    <Folder Name="/src/">
        <File Path="src/Directory.Build.props" />
        <Project Path="src/Usf.Abstractions/Usf.Abstractions.csproj" />
        <Project Path="src/Usf.Core/Usf.Core.csproj" />
    </Folder>
    <Folder Name="/benchmarks/">
        <Project Path="benchmarks/Usf.Benchmarks/Usf.Benchmarks.csproj" />
    </Folder>
    <Folder Name="/src/Transports/">
        <Project Path="src/Transports/Usf.Transport.RabbitMq/Usf.Transport.RabbitMq.csproj" />
    </Folder>
    <Folder Name="/tests/">
        <File Path="tests/AGENTS.md" />
        <File Path="tests/Directory.Build.props" />
        <Project Path="tests/Usf.Core.Tests/Usf.Core.Tests.csproj" />
    </Folder>
    <Folder Name="/tests/Transports/">
        <Project Path="tests/Transports/Usf.Transport.RabbitMq.Tests/Usf.Transport.RabbitMq.Tests.csproj" />
    </Folder>
</Solution>
